
Microsoft Visual Studio Solution File, Format Version 12.00
# Visual Studio Version 17
VisualStudioVersion = 17.8.34330.188
MinimumVisualStudioVersion = 10.0.40219.1
Project("{9A19103F-16F7-4668-BE54-9A1E7A4F7556}") = "smart_bus_verification", "smart_bus_verification.csproj", "{3C7A8107-8D09-4CF4-96EA-B6ED0F7608B0}"
EndProject
Global
	GlobalSection(SolutionConfigurationPlatforms) = preSolution
		Debug|Any CPU = Debug|Any CPU
		Release|Any CPU = Release|Any CPU
	EndGlobalSection
	GlobalSection(ProjectConfigurationPlatforms) = postSolution
		{3C7A8107-8D09-4CF4-96EA-B6ED0F7608B0}.Debug|Any CPU.ActiveCfg = Debug|Any CPU
		{3C7A8107-8D09-4CF4-96EA-B6ED0F7608B0}.Debug|Any CPU.Build.0 = Debug|Any CPU
		{3C7A8107-8D09-4CF4-96EA-B6ED0F7608B0}.Release|Any CPU.ActiveCfg = Release|Any CPU
		{3C7A8107-8D09-4CF4-96EA-B6ED0F7608B0}.Release|Any CPU.Build.0 = Release|Any CPU
	EndGlobalSection
	GlobalSection(SolutionProperties) = preSolution
		HideSolutionNode = FALSE
	EndGlobalSection
	GlobalSection(ExtensibilityGlobals) = postSolution
		SolutionGuid = {8970EE20-5B3F-434F-8481-E23D790725DE}
	EndGlobalSection
EndGlobal
